
Microsoft Visual Studio Solution File, Format Version 12.00
# Visual Studio Version 17
VisualStudioVersion = 17.7.34221.43
MinimumVisualStudioVersion = 10.0.40219.1
Project("{FAE04EC0-301F-11D3-BF4B-00C04F79EFBC}") = "ModelVistaPresentadorWebForms", "ModelVistaPresentadorWebForms\ModelVistaPresentadorWebForms.csproj", "{24CAF8BF-3556-4DB6-86D0-CFB2C1ECA532}"
EndProject
Project("{FAE04EC0-301F-11D3-BF4B-00C04F79EFBC}") = "WindowsForm.UI", "WindowsForm.UI\WindowsForm.UI.csproj", "{1C46392D-49BA-4064-BF32-73C74791E27C}"
EndProject
Project("{FAE04EC0-301F-11D3-BF4B-00C04F79EFBC}") = "Presentador", "Presentador\Presentador.csproj", "{248C9448-E1D3-4AC8-9ACE-BE5C04AFAF47}"
EndProject
Project("{FAE04EC0-301F-11D3-BF4B-00C04F79EFBC}") = "Modelo", "Modelo\Modelo.csproj", "{DAB87D45-6A9E-44B4-89E3-A3839F6A3DED}"
EndProject
Project("{FAE04EC0-301F-11D3-BF4B-00C04F79EFBC}") = "Vista", "Vista\Vista.csproj", "{7063CF03-8910-44F9-BF1F-DBBE041637E1}"
EndProject
Global
	GlobalSection(SolutionConfigurationPlatforms) = preSolution
		Debug|Any CPU = Debug|Any CPU
		Release|Any CPU = Release|Any CPU
	EndGlobalSection
	GlobalSection(ProjectConfigurationPlatforms) = postSolution
		{24CAF8BF-3556-4DB6-86D0-CFB2C1ECA532}.Debug|Any CPU.ActiveCfg = Debug|Any CPU
		{24CAF8BF-3556-4DB6-86D0-CFB2C1ECA532}.Debug|Any CPU.Build.0 = Debug|Any CPU
		{24CAF8BF-3556-4DB6-86D0-CFB2C1ECA532}.Release|Any CPU.ActiveCfg = Release|Any CPU
		{24CAF8BF-3556-4DB6-86D0-CFB2C1ECA532}.Release|Any CPU.Build.0 = Release|Any CPU
		{1C46392D-49BA-4064-BF32-73C74791E27C}.Debug|Any CPU.ActiveCfg = Debug|Any CPU
		{1C46392D-49BA-4064-BF32-73C74791E27C}.Debug|Any CPU.Build.0 = Debug|Any CPU
		{1C46392D-49BA-4064-BF32-73C74791E27C}.Release|Any CPU.ActiveCfg = Release|Any CPU
		{1C46392D-49BA-4064-BF32-73C74791E27C}.Release|Any CPU.Build.0 = Release|Any CPU
		{248C9448-E1D3-4AC8-9ACE-BE5C04AFAF47}.Debug|Any CPU.ActiveCfg = Debug|Any CPU
		{248C9448-E1D3-4AC8-9ACE-BE5C04AFAF47}.Debug|Any CPU.Build.0 = Debug|Any CPU
		{248C9448-E1D3-4AC8-9ACE-BE5C04AFAF47}.Release|Any CPU.ActiveCfg = Release|Any CPU
		{248C9448-E1D3-4AC8-9ACE-BE5C04AFAF47}.Release|Any CPU.Build.0 = Release|Any CPU
		{DAB87D45-6A9E-44B4-89E3-A3839F6A3DED}.Debug|Any CPU.ActiveCfg = Debug|Any CPU
		{DAB87D45-6A9E-44B4-89E3-A3839F6A3DED}.Debug|Any CPU.Build.0 = Debug|Any CPU
		{DAB87D45-6A9E-44B4-89E3-A3839F6A3DED}.Release|Any CPU.ActiveCfg = Release|Any CPU
		{DAB87D45-6A9E-44B4-89E3-A3839F6A3DED}.Release|Any CPU.Build.0 = Release|Any CPU
		{7063CF03-8910-44F9-BF1F-DBBE041637E1}.Debug|Any CPU.ActiveCfg = Debug|Any CPU
		{7063CF03-8910-44F9-BF1F-DBBE041637E1}.Debug|Any CPU.Build.0 = Debug|Any CPU
		{7063CF03-8910-44F9-BF1F-DBBE041637E1}.Release|Any CPU.ActiveCfg = Release|Any CPU
		{7063CF03-8910-44F9-BF1F-DBBE041637E1}.Release|Any CPU.Build.0 = Release|Any CPU
	EndGlobalSection
	GlobalSection(SolutionProperties) = preSolution
		HideSolutionNode = FALSE
	EndGlobalSection
	GlobalSection(ExtensibilityGlobals) = postSolution
		SolutionGuid = {57AC877D-4C53-41BD-8C35-5539060335E2}
	EndGlobalSection
EndGlobal
